{"1.1.0",
[{<<"elli">>,{pkg,<<"elli">>,<<"2.0.1">>},0},
 {<<"lejson">>,{pkg,<<"lejson">>,<<"0.6.3">>},0}]}.
[
{pkg_hash,[
 {<<"elli">>, <<"A4DF67A5FB223DAA37FB7080B262CB7BEB9F2B673B5172AF331FE8D8C26B5268">>},
 {<<"lejson">>, <<"A033B80E6678CB0129B0AF70AAF605119CC7119A42D1E03185984C3DF08F152D">>}]}
].
