{"1.2.0",
[{<<"elli">>,{pkg,<<"elli">>,<<"3.3.0">>},0},
 {<<"lejson">>,{pkg,<<"lejson">>,<<"0.8.0">>},0}]}.
[
{pkg_hash,[
 {<<"elli">>, <<"089218762A7FF3D20AE81C8E911BD0F73EE4EE0ED85454226D1FC6B4FFF3B4F6">>},
 {<<"lejson">>, <<"93D37E560D83E1336F1C3B1A851249A49BECAC13DD2F299D7520B70D63058DE5">>}]},
{pkg_hash_ext,[
 {<<"elli">>, <<"698B13B33D05661DB9FE7EFCBA41B84825A379CCE86E486CF6AFF9285BE0CCF8">>},
 {<<"lejson">>, <<"AF4496F202A7CD865FF9B234749AB73A80BE19CA03E13BF649F3595D13E0F661">>}]}
].
