{"1.1.0",
[{<<"elli">>,{pkg,<<"elli">>,<<"2.0.2">>},0},
 {<<"lejson">>,{pkg,<<"lejson">>,<<"0.7.0">>},0}]}.
[
{pkg_hash,[
 {<<"elli">>, <<"3F787153B09DA4CF87C5BD04013A3DF1AF31317B357B0106315B61E5D932AED4">>},
 {<<"lejson">>, <<"F96D9C00948B6C1280965BD3478E4D5A61C86A9EC11039EC452F85167D297192">>}]}
].
